
Microsoft Visual Studio Solution File, Format Version 12.00
# Visual Studio Version 17
VisualStudioVersion = 17.5.33516.290
MinimumVisualStudioVersion = 10.0.40219.1
Project("{FAE04EC0-301F-11D3-BF4B-00C04F79EFBC}") = "Test-2", "Test-2\Test-2.csproj", "{BD85E176-0A3F-433A-8042-E187EA8B2D4F}"
EndProject
Global
	GlobalSection(SolutionConfigurationPlatforms) = preSolution
		Debug|Any CPU = Debug|Any CPU
		Release|Any CPU = Release|Any CPU
	EndGlobalSection
	GlobalSection(ProjectConfigurationPlatforms) = postSolution
		{BD85E176-0A3F-433A-8042-E187EA8B2D4F}.Debug|Any CPU.ActiveCfg = Debug|Any CPU
		{BD85E176-0A3F-433A-8042-E187EA8B2D4F}.Debug|Any CPU.Build.0 = Debug|Any CPU
		{BD85E176-0A3F-433A-8042-E187EA8B2D4F}.Release|Any CPU.ActiveCfg = Release|Any CPU
		{BD85E176-0A3F-433A-8042-E187EA8B2D4F}.Release|Any CPU.Build.0 = Release|Any CPU
	EndGlobalSection
	GlobalSection(SolutionProperties) = preSolution
		HideSolutionNode = FALSE
	EndGlobalSection
	GlobalSection(ExtensibilityGlobals) = postSolution
		SolutionGuid = {844C3DF0-B938-4550-B5F0-15783D8C57D0}
	EndGlobalSection
EndGlobal
